{
  "name": "testing-voultsdk",
  "version": "1.0.0",
  "lockfileVersion": 3,
  "requires": true,
  "packages": {
    "": {
      "name": "testing-voultsdk",
      "version": "1.0.0",
      "license": "ISC",
      "dependencies": {
        "voult-sdk": "file:../voult-sdk"
      }
    },
    "../voult-sdk": {
      "version": "1.0.0",
      "license": "ISC",
      "dependencies": {
        "axios": "^1.15.2"
      }
    },
    "node_modules/voult-sdk": {
      "resolved": "../voult-sdk",
      "link": true
    }
  }
}
